// !$*UTF8*$!
{
	archiveVersion = 1;
	classes = {
	};
	objectVersion = 56;
	objects = {

/* Begin PBXBuildFile section */
		1A51AAE0D315153628C9BC57 /* Pods_ProjetoMentoria.framework in Frameworks */ = {isa = PBXBuildFile; fileRef = 4F98D75C58CB4EF3C95A92C1 /* Pods_ProjetoMentoria.framework */; };
		441B3A992AA01340005C805D /* AppDelegate.swift in Sources */ = {isa = PBXBuildFile; fileRef = 441B3A982AA01340005C805D /* AppDelegate.swift */; };
		441B3A9B2AA01340005C805D /* SceneDelegate.swift in Sources */ = {isa = PBXBuildFile; fileRef = 441B3A9A2AA01340005C805D /* SceneDelegate.swift */; };
		441B3A9D2AA01340005C805D /* LoginViewController.swift in Sources */ = {isa = PBXBuildFile; fileRef = 441B3A9C2AA01340005C805D /* LoginViewController.swift */; };
		441B3AA32AA01340005C805D /* ProjetoMentoria.xcdatamodeld in Sources */ = {isa = PBXBuildFile; fileRef = 441B3AA12AA01340005C805D /* ProjetoMentoria.xcdatamodeld */; };
		441B3AA52AA01341005C805D /* Assets.xcassets in Resources */ = {isa = PBXBuildFile; fileRef = 441B3AA42AA01341005C805D /* Assets.xcassets */; };
		441B3AB32AA01341005C805D /* ProjetoMentoriaTests.swift in Sources */ = {isa = PBXBuildFile; fileRef = 441B3AB22AA01341005C805D /* ProjetoMentoriaTests.swift */; };
		441B3ABD2AA01341005C805D /* ProjetoMentoriaUITests.swift in Sources */ = {isa = PBXBuildFile; fileRef = 441B3ABC2AA01341005C805D /* ProjetoMentoriaUITests.swift */; };
		441B3ABF2AA01341005C805D /* ProjetoMentoriaUITestsLaunchTests.swift in Sources */ = {isa = PBXBuildFile; fileRef = 441B3ABE2AA01341005C805D /* ProjetoMentoriaUITestsLaunchTests.swift */; };
		474E7691E6865A16135EBCCF /* Pods_ProjetoMentoria_ProjetoMentoriaUITests.framework in Frameworks */ = {isa = PBXBuildFile; fileRef = E77E1D42AEB3667D575006DF /* Pods_ProjetoMentoria_ProjetoMentoriaUITests.framework */; };
		AFE3008A791E81AA2D6EB30E /* Pods_ProjetoMentoriaTests.framework in Frameworks */ = {isa = PBXBuildFile; fileRef = 748179AF6F19958E42C075F1 /* Pods_ProjetoMentoriaTests.framework */; };
		B04CC3562AEED2E500D81B07 /* LoginScreen.swift in Sources */ = {isa = PBXBuildFile; fileRef = B04CC3552AEED2E500D81B07 /* LoginScreen.swift */; };
		B04CC3582AEEEA4B00D81B07 /* RegisterScreen.swift in Sources */ = {isa = PBXBuildFile; fileRef = B04CC3572AEEEA4B00D81B07 /* RegisterScreen.swift */; };
		B04CC35A2AEEEEB800D81B07 /* RegisterViewController.swift in Sources */ = {isa = PBXBuildFile; fileRef = B04CC3592AEEEEB800D81B07 /* RegisterViewController.swift */; };
		B04CC3642AEFAFCB00D81B07 /* TabBarController.swift in Sources */ = {isa = PBXBuildFile; fileRef = B04CC3632AEFAFCB00D81B07 /* TabBarController.swift */; };
		B04CC3692AEFBB6200D81B07 /* ProfileViewController.swift in Sources */ = {isa = PBXBuildFile; fileRef = B04CC3682AEFBB6200D81B07 /* ProfileViewController.swift */; };
		B04CC36B2AEFBB7300D81B07 /* ServiceViewController.swift in Sources */ = {isa = PBXBuildFile; fileRef = B04CC36A2AEFBB7300D81B07 /* ServiceViewController.swift */; };
		B04CC36D2AEFBB7F00D81B07 /* ScheduleViewController.swift in Sources */ = {isa = PBXBuildFile; fileRef = B04CC36C2AEFBB7F00D81B07 /* ScheduleViewController.swift */; };
		B05C33AC2AF9A99D0023B558 /* Coordinator.swift in Sources */ = {isa = PBXBuildFile; fileRef = B05C33AB2AF9A99D0023B558 /* Coordinator.swift */; };
		B05C33AE2AF9AB190023B558 /* LoginCoordinator.swift in Sources */ = {isa = PBXBuildFile; fileRef = B05C33AD2AF9AB190023B558 /* LoginCoordinator.swift */; };
		B05C33B02AF9AEEF0023B558 /* RegisterCoordinator.swift in Sources */ = {isa = PBXBuildFile; fileRef = B05C33AF2AF9AEEF0023B558 /* RegisterCoordinator.swift */; };
		B05C33B82AF9C6D40023B558 /* UserModel.swift in Sources */ = {isa = PBXBuildFile; fileRef = B05C33B72AF9C6D40023B558 /* UserModel.swift */; };
		B05C33BB2AF9C6F30023B558 /* UserProvider.swift in Sources */ = {isa = PBXBuildFile; fileRef = B05C33BA2AF9C6F30023B558 /* UserProvider.swift */; };
		B05C33BE2AF9C8030023B558 /* Constants.swift in Sources */ = {isa = PBXBuildFile; fileRef = B05C33BD2AF9C8030023B558 /* Constants.swift */; };
		B05C33C12AF9C8F70023B558 /* UserBusiness.swift in Sources */ = {isa = PBXBuildFile; fileRef = B05C33C02AF9C8F70023B558 /* UserBusiness.swift */; };
		B05C33C32AF9CD800023B558 /* TabBarCoordinator.swift in Sources */ = {isa = PBXBuildFile; fileRef = B05C33C22AF9CD800023B558 /* TabBarCoordinator.swift */; };
		B05C33C52AFA2DD90023B558 /* UserViewModel.swift in Sources */ = {isa = PBXBuildFile; fileRef = B05C33C42AFA2DD90023B558 /* UserViewModel.swift */; };
		B05C33C92AFA40530023B558 /* GoogleService-Info.plist in Resources */ = {isa = PBXBuildFile; fileRef = B05C33C82AFA40530023B558 /* GoogleService-Info.plist */; };
/* End PBXBuildFile section */

/* Begin PBXContainerItemProxy section */
		441B3AAF2AA01341005C805D /* PBXContainerItemProxy */ = {
			isa = PBXContainerItemProxy;
			containerPortal = 441B3A8D2AA01340005C805D /* Project object */;
			proxyType = 1;
			remoteGlobalIDString = 441B3A942AA01340005C805D;
			remoteInfo = ProjetoMentoria;
		};
		441B3AB92AA01341005C805D /* PBXContainerItemProxy */ = {
			isa = PBXContainerItemProxy;
			containerPortal = 441B3A8D2AA01340005C805D /* Project object */;
			proxyType = 1;
			remoteGlobalIDString = 441B3A942AA01340005C805D;
			remoteInfo = ProjetoMentoria;
		};
/* End PBXContainerItemProxy section */

/* Begin PBXFileReference section */
		087D0C900DB9A328A4F5B117 /* Pods-ProjetoMentoria.debug.xcconfig */ = {isa = PBXFileReference; includeInIndex = 1; lastKnownFileType = text.xcconfig; name = "Pods-ProjetoMentoria.debug.xcconfig"; path = "Target Support Files/Pods-ProjetoMentoria/Pods-ProjetoMentoria.debug.xcconfig"; sourceTree = "<group>"; };
		20A9D98188C35D1A8E13B321 /* Pods-ProjetoMentoria.release.xcconfig */ = {isa = PBXFileReference; includeInIndex = 1; lastKnownFileType = text.xcconfig; name = "Pods-ProjetoMentoria.release.xcconfig"; path = "Target Support Files/Pods-ProjetoMentoria/Pods-ProjetoMentoria.release.xcconfig"; sourceTree = "<group>"; };
		27B30F4D8492B7A2A68FC439 /* Pods-ProjetoMentoriaTests.release.xcconfig */ = {isa = PBXFileReference; includeInIndex = 1; lastKnownFileType = text.xcconfig; name = "Pods-ProjetoMentoriaTests.release.xcconfig"; path = "Target Support Files/Pods-ProjetoMentoriaTests/Pods-ProjetoMentoriaTests.release.xcconfig"; sourceTree = "<group>"; };
		441B3A952AA01340005C805D /* ProjetoMentoria.app */ = {isa = PBXFileReference; explicitFileType = wrapper.application; includeInIndex = 0; path = ProjetoMentoria.app; sourceTree = BUILT_PRODUCTS_DIR; };
		441B3A982AA01340005C805D /* AppDelegate.swift */ = {isa = PBXFileReference; lastKnownFileType = sourcecode.swift; path = AppDelegate.swift; sourceTree = "<group>"; };
		441B3A9A2AA01340005C805D /* SceneDelegate.swift */ = {isa = PBXFileReference; lastKnownFileType = sourcecode.swift; path = SceneDelegate.swift; sourceTree = "<group>"; };
		441B3A9C2AA01340005C805D /* LoginViewController.swift */ = {isa = PBXFileReference; lastKnownFileType = sourcecode.swift; path = LoginViewController.swift; sourceTree = "<group>"; };
		441B3AA22AA01340005C805D /* ProjetoMentoria.xcdatamodel */ = {isa = PBXFileReference; lastKnownFileType = wrapper.xcdatamodel; path = ProjetoMentoria.xcdatamodel; sourceTree = "<group>"; };
		441B3AA42AA01341005C805D /* Assets.xcassets */ = {isa = PBXFileReference; lastKnownFileType = folder.assetcatalog; path = Assets.xcassets; sourceTree = "<group>"; };
		441B3AA92AA01341005C805D /* Info.plist */ = {isa = PBXFileReference; lastKnownFileType = text.plist.xml; path = Info.plist; sourceTree = "<group>"; };
		441B3AAE2AA01341005C805D /* ProjetoMentoriaTests.xctest */ = {isa = PBXFileReference; explicitFileType = wrapper.cfbundle; includeInIndex = 0; path = ProjetoMentoriaTests.xctest; sourceTree = BUILT_PRODUCTS_DIR; };
		441B3AB22AA01341005C805D /* ProjetoMentoriaTests.swift */ = {isa = PBXFileReference; lastKnownFileType = sourcecode.swift; path = ProjetoMentoriaTests.swift; sourceTree = "<group>"; };
		441B3AB82AA01341005C805D /* ProjetoMentoriaUITests.xctest */ = {isa = PBXFileReference; explicitFileType = wrapper.cfbundle; includeInIndex = 0; path = ProjetoMentoriaUITests.xctest; sourceTree = BUILT_PRODUCTS_DIR; };
		441B3ABC2AA01341005C805D /* ProjetoMentoriaUITests.swift */ = {isa = PBXFileReference; lastKnownFileType = sourcecode.swift; path = ProjetoMentoriaUITests.swift; sourceTree = "<group>"; };
		441B3ABE2AA01341005C805D /* ProjetoMentoriaUITestsLaunchTests.swift */ = {isa = PBXFileReference; lastKnownFileType = sourcecode.swift; path = ProjetoMentoriaUITestsLaunchTests.swift; sourceTree = "<group>"; };
		4F98D75C58CB4EF3C95A92C1 /* Pods_ProjetoMentoria.framework */ = {isa = PBXFileReference; explicitFileType = wrapper.framework; includeInIndex = 0; path = Pods_ProjetoMentoria.framework; sourceTree = BUILT_PRODUCTS_DIR; };
		748179AF6F19958E42C075F1 /* Pods_ProjetoMentoriaTests.framework */ = {isa = PBXFileReference; explicitFileType = wrapper.framework; includeInIndex = 0; path = Pods_ProjetoMentoriaTests.framework; sourceTree = BUILT_PRODUCTS_DIR; };
		86AC98D253C5DBF087C60AC1 /* Pods-ProjetoMentoria-ProjetoMentoriaUITests.release.xcconfig */ = {isa = PBXFileReference; includeInIndex = 1; lastKnownFileType = text.xcconfig; name = "Pods-ProjetoMentoria-ProjetoMentoriaUITests.release.xcconfig"; path = "Target Support Files/Pods-ProjetoMentoria-ProjetoMentoriaUITests/Pods-ProjetoMentoria-ProjetoMentoriaUITests.release.xcconfig"; sourceTree = "<group>"; };
		A96309646A537B4AAA8A39A2 /* Pods-ProjetoMentoriaTests.debug.xcconfig */ = {isa = PBXFileReference; includeInIndex = 1; lastKnownFileType = text.xcconfig; name = "Pods-ProjetoMentoriaTests.debug.xcconfig"; path = "Target Support Files/Pods-ProjetoMentoriaTests/Pods-ProjetoMentoriaTests.debug.xcconfig"; sourceTree = "<group>"; };
		B04CC3552AEED2E500D81B07 /* LoginScreen.swift */ = {isa = PBXFileReference; lastKnownFileType = sourcecode.swift; path = LoginScreen.swift; sourceTree = "<group>"; };
		B04CC3572AEEEA4B00D81B07 /* RegisterScreen.swift */ = {isa = PBXFileReference; lastKnownFileType = sourcecode.swift; path = RegisterScreen.swift; sourceTree = "<group>"; };
		B04CC3592AEEEEB800D81B07 /* RegisterViewController.swift */ = {isa = PBXFileReference; lastKnownFileType = sourcecode.swift; path = RegisterViewController.swift; sourceTree = "<group>"; };
		B04CC3632AEFAFCB00D81B07 /* TabBarController.swift */ = {isa = PBXFileReference; lastKnownFileType = sourcecode.swift; path = TabBarController.swift; sourceTree = "<group>"; };
		B04CC3682AEFBB6200D81B07 /* ProfileViewController.swift */ = {isa = PBXFileReference; lastKnownFileType = sourcecode.swift; path = ProfileViewController.swift; sourceTree = "<group>"; };
		B04CC36A2AEFBB7300D81B07 /* ServiceViewController.swift */ = {isa = PBXFileReference; lastKnownFileType = sourcecode.swift; path = ServiceViewController.swift; sourceTree = "<group>"; };
		B04CC36C2AEFBB7F00D81B07 /* ScheduleViewController.swift */ = {isa = PBXFileReference; lastKnownFileType = sourcecode.swift; path = ScheduleViewController.swift; sourceTree = "<group>"; };
		B05C33AB2AF9A99D0023B558 /* Coordinator.swift */ = {isa = PBXFileReference; lastKnownFileType = sourcecode.swift; path = Coordinator.swift; sourceTree = "<group>"; };
		B05C33AD2AF9AB190023B558 /* LoginCoordinator.swift */ = {isa = PBXFileReference; lastKnownFileType = sourcecode.swift; path = LoginCoordinator.swift; sourceTree = "<group>"; };
		B05C33AF2AF9AEEF0023B558 /* RegisterCoordinator.swift */ = {isa = PBXFileReference; lastKnownFileType = sourcecode.swift; path = RegisterCoordinator.swift; sourceTree = "<group>"; };
		B05C33B72AF9C6D40023B558 /* UserModel.swift */ = {isa = PBXFileReference; lastKnownFileType = sourcecode.swift; path = UserModel.swift; sourceTree = "<group>"; };
		B05C33BA2AF9C6F30023B558 /* UserProvider.swift */ = {isa = PBXFileReference; lastKnownFileType = sourcecode.swift; path = UserProvider.swift; sourceTree = "<group>"; };
		B05C33BD2AF9C8030023B558 /* Constants.swift */ = {isa = PBXFileReference; lastKnownFileType = sourcecode.swift; path = Constants.swift; sourceTree = "<group>"; };
		B05C33C02AF9C8F70023B558 /* UserBusiness.swift */ = {isa = PBXFileReference; lastKnownFileType = sourcecode.swift; path = UserBusiness.swift; sourceTree = "<group>"; };
		B05C33C22AF9CD800023B558 /* TabBarCoordinator.swift */ = {isa = PBXFileReference; lastKnownFileType = sourcecode.swift; path = TabBarCoordinator.swift; sourceTree = "<group>"; };
		B05C33C42AFA2DD90023B558 /* UserViewModel.swift */ = {isa = PBXFileReference; lastKnownFileType = sourcecode.swift; path = UserViewModel.swift; sourceTree = "<group>"; };
		B05C33C82AFA40530023B558 /* GoogleService-Info.plist */ = {isa = PBXFileReference; lastKnownFileType = text.plist; path = "GoogleService-Info.plist"; sourceTree = SOURCE_ROOT; };
		BE296ED07C87425D7C98646F /* Pods-ProjetoMentoria-ProjetoMentoriaUITests.debug.xcconfig */ = {isa = PBXFileReference; includeInIndex = 1; lastKnownFileType = text.xcconfig; name = "Pods-ProjetoMentoria-ProjetoMentoriaUITests.debug.xcconfig"; path = "Target Support Files/Pods-ProjetoMentoria-ProjetoMentoriaUITests/Pods-ProjetoMentoria-ProjetoMentoriaUITests.debug.xcconfig"; sourceTree = "<group>"; };
		E77E1D42AEB3667D575006DF /* Pods_ProjetoMentoria_ProjetoMentoriaUITests.framework */ = {isa = PBXFileReference; explicitFileType = wrapper.framework; includeInIndex = 0; path = Pods_ProjetoMentoria_ProjetoMentoriaUITests.framework; sourceTree = BUILT_PRODUCTS_DIR; };
/* End PBXFileReference section */

/* Begin PBXFrameworksBuildPhase section */
		441B3A922AA01340005C805D /* Frameworks */ = {
			isa = PBXFrameworksBuildPhase;
			buildActionMask = 2147483647;
			files = (
				1A51AAE0D315153628C9BC57 /* Pods_ProjetoMentoria.framework in Frameworks */,
			);
			runOnlyForDeploymentPostprocessing = 0;
		};
		441B3AAB2AA01341005C805D /* Frameworks */ = {
			isa = PBXFrameworksBuildPhase;
			buildActionMask = 2147483647;
			files = (
				AFE3008A791E81AA2D6EB30E /* Pods_ProjetoMentoriaTests.framework in Frameworks */,
			);
			runOnlyForDeploymentPostprocessing = 0;
		};
		441B3AB52AA01341005C805D /* Frameworks */ = {
			isa = PBXFrameworksBuildPhase;
			buildActionMask = 2147483647;
			files = (
				474E7691E6865A16135EBCCF /* Pods_ProjetoMentoria_ProjetoMentoriaUITests.framework in Frameworks */,
			);
			runOnlyForDeploymentPostprocessing = 0;
		};
/* End PBXFrameworksBuildPhase section */

/* Begin PBXGroup section */
		441B3A8C2AA01340005C805D = {
			isa = PBXGroup;
			children = (
				441B3A972AA01340005C805D /* ProjetoMentoria */,
				441B3AB12AA01341005C805D /* ProjetoMentoriaTests */,
				441B3ABB2AA01341005C805D /* ProjetoMentoriaUITests */,
				441B3A962AA01340005C805D /* Products */,
				663115B8B07A3ADDEBEA278E /* Pods */,
				C0ABA160A890B08E10691927 /* Frameworks */,
			);
			sourceTree = "<group>";
		};
		441B3A962AA01340005C805D /* Products */ = {
			isa = PBXGroup;
			children = (
				441B3A952AA01340005C805D /* ProjetoMentoria.app */,
				441B3AAE2AA01341005C805D /* ProjetoMentoriaTests.xctest */,
				441B3AB82AA01341005C805D /* ProjetoMentoriaUITests.xctest */,
			);
			name = Products;
			sourceTree = "<group>";
		};
		441B3A972AA01340005C805D /* ProjetoMentoria */ = {
			isa = PBXGroup;
			children = (
				B05C33BC2AF9C7F00023B558 /* Infrastructure */,
				B05C33B52AF9C69C0023B558 /* API */,
				B05C33AA2AF9A9800023B558 /* Coordinator */,
				B04CC3622AEFAF6300D81B07 /* Controllers */,
				B0286E692AF8E9BD00B65AED /* Extension */,
				B05C33A72AF9A7800023B558 /* Resources */,
				B05C33A62AF9A74C0023B558 /* Source */,
				B05C33A92AF9A8C40023B558 /* ViewModel */,
				441B3AA92AA01341005C805D /* Info.plist */,
				B05C33C82AFA40530023B558 /* GoogleService-Info.plist */,
				441B3AA12AA01340005C805D /* ProjetoMentoria.xcdatamodeld */,
			);
			path = ProjetoMentoria;
			sourceTree = "<group>";
		};
		441B3AB12AA01341005C805D /* ProjetoMentoriaTests */ = {
			isa = PBXGroup;
			children = (
				441B3AB22AA01341005C805D /* ProjetoMentoriaTests.swift */,
			);
			path = ProjetoMentoriaTests;
			sourceTree = "<group>";
		};
		441B3ABB2AA01341005C805D /* ProjetoMentoriaUITests */ = {
			isa = PBXGroup;
			children = (
				441B3ABC2AA01341005C805D /* ProjetoMentoriaUITests.swift */,
				441B3ABE2AA01341005C805D /* ProjetoMentoriaUITestsLaunchTests.swift */,
			);
			path = ProjetoMentoriaUITests;
			sourceTree = "<group>";
		};
		663115B8B07A3ADDEBEA278E /* Pods */ = {
			isa = PBXGroup;
			children = (
				087D0C900DB9A328A4F5B117 /* Pods-ProjetoMentoria.debug.xcconfig */,
				20A9D98188C35D1A8E13B321 /* Pods-ProjetoMentoria.release.xcconfig */,
				BE296ED07C87425D7C98646F /* Pods-ProjetoMentoria-ProjetoMentoriaUITests.debug.xcconfig */,
				86AC98D253C5DBF087C60AC1 /* Pods-ProjetoMentoria-ProjetoMentoriaUITests.release.xcconfig */,
				A96309646A537B4AAA8A39A2 /* Pods-ProjetoMentoriaTests.debug.xcconfig */,
				27B30F4D8492B7A2A68FC439 /* Pods-ProjetoMentoriaTests.release.xcconfig */,
			);
			path = Pods;
			sourceTree = "<group>";
		};
		B0286E692AF8E9BD00B65AED /* Extension */ = {
			isa = PBXGroup;
			children = (
			);
			path = Extension;
			sourceTree = "<group>";
		};
		B04CC3542AEED2AD00D81B07 /* Login */ = {
			isa = PBXGroup;
			children = (
				441B3A9C2AA01340005C805D /* LoginViewController.swift */,
				B04CC3552AEED2E500D81B07 /* LoginScreen.swift */,
			);
			path = Login;
			sourceTree = "<group>";
		};
		B04CC35B2AEEEECB00D81B07 /* Register */ = {
			isa = PBXGroup;
			children = (
				B04CC3572AEEEA4B00D81B07 /* RegisterScreen.swift */,
				B04CC3592AEEEEB800D81B07 /* RegisterViewController.swift */,
			);
			path = Register;
			sourceTree = "<group>";
		};
		B04CC3622AEFAF6300D81B07 /* Controllers */ = {
			isa = PBXGroup;
			children = (
				B05C33A82AF9A8270023B558 /* TabBar */,
				B04CC3672AEFBB4500D81B07 /* Schedule */,
				B04CC3662AEFBB3A00D81B07 /* Service */,
				B04CC3652AEFBB3200D81B07 /* Profile */,
				B04CC3542AEED2AD00D81B07 /* Login */,
				B04CC35B2AEEEECB00D81B07 /* Register */,
			);
			path = Controllers;
			sourceTree = "<group>";
		};
		B04CC3652AEFBB3200D81B07 /* Profile */ = {
			isa = PBXGroup;
			children = (
				B04CC3682AEFBB6200D81B07 /* ProfileViewController.swift */,
			);
			path = Profile;
			sourceTree = "<group>";
		};
		B04CC3662AEFBB3A00D81B07 /* Service */ = {
			isa = PBXGroup;
			children = (
				B04CC36A2AEFBB7300D81B07 /* ServiceViewController.swift */,
			);
			path = Service;
			sourceTree = "<group>";
		};
		B04CC3672AEFBB4500D81B07 /* Schedule */ = {
			isa = PBXGroup;
			children = (
				B04CC36C2AEFBB7F00D81B07 /* ScheduleViewController.swift */,
			);
			path = Schedule;
			sourceTree = "<group>";
		};
		B05C33A62AF9A74C0023B558 /* Source */ = {
			isa = PBXGroup;
			children = (
				441B3A982AA01340005C805D /* AppDelegate.swift */,
				441B3A9A2AA01340005C805D /* SceneDelegate.swift */,
			);
			path = Source;
			sourceTree = "<group>";
		};
		B05C33A72AF9A7800023B558 /* Resources */ = {
			isa = PBXGroup;
			children = (
				441B3AA42AA01341005C805D /* Assets.xcassets */,
			);
			path = Resources;
			sourceTree = "<group>";
		};
		B05C33A82AF9A8270023B558 /* TabBar */ = {
			isa = PBXGroup;
			children = (
				B04CC3632AEFAFCB00D81B07 /* TabBarController.swift */,
			);
			path = TabBar;
			sourceTree = "<group>";
		};
		B05C33A92AF9A8C40023B558 /* ViewModel */ = {
			isa = PBXGroup;
			children = (
				B05C33C42AFA2DD90023B558 /* UserViewModel.swift */,
			);
			path = ViewModel;
			sourceTree = "<group>";
		};
		B05C33AA2AF9A9800023B558 /* Coordinator */ = {
			isa = PBXGroup;
			children = (
				B05C33AB2AF9A99D0023B558 /* Coordinator.swift */,
				B05C33AD2AF9AB190023B558 /* LoginCoordinator.swift */,
				B05C33AF2AF9AEEF0023B558 /* RegisterCoordinator.swift */,
				B05C33C22AF9CD800023B558 /* TabBarCoordinator.swift */,
			);
			path = Coordinator;
			sourceTree = "<group>";
		};
		B05C33B52AF9C69C0023B558 /* API */ = {
			isa = PBXGroup;
			children = (
				B05C33BF2AF9C8E90023B558 /* Business */,
				B05C33B92AF9C6E10023B558 /* Provider */,
				B05C33B62AF9C6B00023B558 /* Model */,
			);
			path = API;
			sourceTree = "<group>";
		};
		B05C33B62AF9C6B00023B558 /* Model */ = {
			isa = PBXGroup;
			children = (
				B05C33B72AF9C6D40023B558 /* UserModel.swift */,
			);
			path = Model;
			sourceTree = "<group>";
		};
		B05C33B92AF9C6E10023B558 /* Provider */ = {
			isa = PBXGroup;
			children = (
				B05C33BA2AF9C6F30023B558 /* UserProvider.swift */,
			);
			path = Provider;
			sourceTree = "<group>";
		};
		B05C33BC2AF9C7F00023B558 /* Infrastructure */ = {
			isa = PBXGroup;
			children = (
				B05C33BD2AF9C8030023B558 /* Constants.swift */,
			);
			path = Infrastructure;
			sourceTree = "<group>";
		};
		B05C33BF2AF9C8E90023B558 /* Business */ = {
			isa = PBXGroup;
			children = (
				B05C33C02AF9C8F70023B558 /* UserBusiness.swift */,
			);
			path = Business;
			sourceTree = "<group>";
		};
		C0ABA160A890B08E10691927 /* Frameworks */ = {
			isa = PBXGroup;
			children = (
				4F98D75C58CB4EF3C95A92C1 /* Pods_ProjetoMentoria.framework */,
				E77E1D42AEB3667D575006DF /* Pods_ProjetoMentoria_ProjetoMentoriaUITests.framework */,
				748179AF6F19958E42C075F1 /* Pods_ProjetoMentoriaTests.framework */,
			);
			name = Frameworks;
			sourceTree = "<group>";
		};
/* End PBXGroup section */

/* Begin PBXNativeTarget section */
		441B3A942AA01340005C805D /* ProjetoMentoria */ = {
			isa = PBXNativeTarget;
			buildConfigurationList = 441B3AC22AA01341005C805D /* Build configuration list for PBXNativeTarget "ProjetoMentoria" */;
			buildPhases = (
				881360A9B27B14C57ADA9ACD /* [CP] Check Pods Manifest.lock */,
				441B3A912AA01340005C805D /* Sources */,
				441B3A922AA01340005C805D /* Frameworks */,
				441B3A932AA01340005C805D /* Resources */,
				45725049E83436F52541BA1D /* [CP] Embed Pods Frameworks */,
			);
			buildRules = (
			);
			dependencies = (
			);
			name = ProjetoMentoria;
			productName = ProjetoMentoria;
			productReference = 441B3A952AA01340005C805D /* ProjetoMentoria.app */;
			productType = "com.apple.product-type.application";
		};
		441B3AAD2AA01341005C805D /* ProjetoMentoriaTests */ = {
			isa = PBXNativeTarget;
			buildConfigurationList = 441B3AC52AA01341005C805D /* Build configuration list for PBXNativeTarget "ProjetoMentoriaTests" */;
			buildPhases = (
				9F50E9601768E8B7D88DC281 /* [CP] Check Pods Manifest.lock */,
				441B3AAA2AA01341005C805D /* Sources */,
				441B3AAB2AA01341005C805D /* Frameworks */,
				441B3AAC2AA01341005C805D /* Resources */,
			);
			buildRules = (
			);
			dependencies = (
				441B3AB02AA01341005C805D /* PBXTargetDependency */,
			);
			name = ProjetoMentoriaTests;
			productName = ProjetoMentoriaTests;
			productReference = 441B3AAE2AA01341005C805D /* ProjetoMentoriaTests.xctest */;
			productType = "com.apple.product-type.bundle.unit-test";
		};
		441B3AB72AA01341005C805D /* ProjetoMentoriaUITests */ = {
			isa = PBXNativeTarget;
			buildConfigurationList = 441B3AC82AA01341005C805D /* Build configuration list for PBXNativeTarget "ProjetoMentoriaUITests" */;
			buildPhases = (
				33C1F39B393C7B22F7A175D1 /* [CP] Check Pods Manifest.lock */,
				441B3AB42AA01341005C805D /* Sources */,
				441B3AB52AA01341005C805D /* Frameworks */,
				441B3AB62AA01341005C805D /* Resources */,
				7116C8E659A904B18BEF0794 /* [CP] Embed Pods Frameworks */,
			);
			buildRules = (
			);
			dependencies = (
				441B3ABA2AA01341005C805D /* PBXTargetDependency */,
			);
			name = ProjetoMentoriaUITests;
			productName = ProjetoMentoriaUITests;
			productReference = 441B3AB82AA01341005C805D /* ProjetoMentoriaUITests.xctest */;
			productType = "com.apple.product-type.bundle.ui-testing";
		};
/* End PBXNativeTarget section */

/* Begin PBXProject section */
		441B3A8D2AA01340005C805D /* Project object */ = {
			isa = PBXProject;
			attributes = {
				BuildIndependentTargetsInParallel = 1;
				LastSwiftUpdateCheck = 1430;
				LastUpgradeCheck = 1430;
				TargetAttributes = {
					441B3A942AA01340005C805D = {
						CreatedOnToolsVersion = 14.3.1;
					};
					441B3AAD2AA01341005C805D = {
						CreatedOnToolsVersion = 14.3.1;
						TestTargetID = 441B3A942AA01340005C805D;
					};
					441B3AB72AA01341005C805D = {
						CreatedOnToolsVersion = 14.3.1;
						TestTargetID = 441B3A942AA01340005C805D;
					};
				};
			};
			buildConfigurationList = 441B3A902AA01340005C805D /* Build configuration list for PBXProject "ProjetoMentoria" */;
			compatibilityVersion = "Xcode 14.0";
			developmentRegion = en;
			hasScannedForEncodings = 0;
			knownRegions = (
				en,
				Base,
			);
			mainGroup = 441B3A8C2AA01340005C805D;
			productRefGroup = 441B3A962AA01340005C805D /* Products */;
			projectDirPath = "";
			projectRoot = "";
			targets = (
				441B3A942AA01340005C805D /* ProjetoMentoria */,
				441B3AAD2AA01341005C805D /* ProjetoMentoriaTests */,
				441B3AB72AA01341005C805D /* ProjetoMentoriaUITests */,
			);
		};
/* End PBXProject section */

/* Begin PBXResourcesBuildPhase section */
		441B3A932AA01340005C805D /* Resources */ = {
			isa = PBXResourcesBuildPhase;
			buildActionMask = 2147483647;
			files = (
				441B3AA52AA01341005C805D /* Assets.xcassets in Resources */,
				B05C33C92AFA40530023B558 /* GoogleService-Info.plist in Resources */,
			);
			runOnlyForDeploymentPostprocessing = 0;
		};
		441B3AAC2AA01341005C805D /* Resources */ = {
			isa = PBXResourcesBuildPhase;
			buildActionMask = 2147483647;
			files = (
			);
			runOnlyForDeploymentPostprocessing = 0;
		};
		441B3AB62AA01341005C805D /* Resources */ = {
			isa = PBXResourcesBuildPhase;
			buildActionMask = 2147483647;
			files = (
			);
			runOnlyForDeploymentPostprocessing = 0;
		};
/* End PBXResourcesBuildPhase section */

/* Begin PBXShellScriptBuildPhase section */
		33C1F39B393C7B22F7A175D1 /* [CP] Check Pods Manifest.lock */ = {
			isa = PBXShellScriptBuildPhase;
			buildActionMask = 2147483647;
			files = (
			);
			inputFileListPaths = (
			);
			inputPaths = (
				"${PODS_PODFILE_DIR_PATH}/Podfile.lock",
				"${PODS_ROOT}/Manifest.lock",
			);
			name = "[CP] Check Pods Manifest.lock";
			outputFileListPaths = (
			);
			outputPaths = (
				"$(DERIVED_FILE_DIR)/Pods-ProjetoMentoria-ProjetoMentoriaUITests-checkManifestLockResult.txt",
			);
			runOnlyForDeploymentPostprocessing = 0;
			shellPath = /bin/sh;
			shellScript = "diff \"${PODS_PODFILE_DIR_PATH}/Podfile.lock\" \"${PODS_ROOT}/Manifest.lock\" > /dev/null\nif [ $? != 0 ] ; then\n    # print error to STDERR\n    echo \"error: The sandbox is not in sync with the Podfile.lock. Run 'pod install' or update your CocoaPods installation.\" >&2\n    exit 1\nfi\n# This output is used by Xcode 'outputs' to avoid re-running this script phase.\necho \"SUCCESS\" > \"${SCRIPT_OUTPUT_FILE_0}\"\n";
			showEnvVarsInLog = 0;
		};
		45725049E83436F52541BA1D /* [CP] Embed Pods Frameworks */ = {
			isa = PBXShellScriptBuildPhase;
			buildActionMask = 2147483647;
			files = (
			);
			inputFileListPaths = (
				"${PODS_ROOT}/Target Support Files/Pods-ProjetoMentoria/Pods-ProjetoMentoria-frameworks-${CONFIGURATION}-input-files.xcfilelist",
			);
			name = "[CP] Embed Pods Frameworks";
			outputFileListPaths = (
				"${PODS_ROOT}/Target Support Files/Pods-ProjetoMentoria/Pods-ProjetoMentoria-frameworks-${CONFIGURATION}-output-files.xcfilelist",
			);
			runOnlyForDeploymentPostprocessing = 0;
			shellPath = /bin/sh;
			shellScript = "\"${PODS_ROOT}/Target Support Files/Pods-ProjetoMentoria/Pods-ProjetoMentoria-frameworks.sh\"\n";
			showEnvVarsInLog = 0;
		};
		7116C8E659A904B18BEF0794 /* [CP] Embed Pods Frameworks */ = {
			isa = PBXShellScriptBuildPhase;
			buildActionMask = 2147483647;
			files = (
			);
			inputFileListPaths = (
				"${PODS_ROOT}/Target Support Files/Pods-ProjetoMentoria-ProjetoMentoriaUITests/Pods-ProjetoMentoria-ProjetoMentoriaUITests-frameworks-${CONFIGURATION}-input-files.xcfilelist",
			);
			name = "[CP] Embed Pods Frameworks";
			outputFileListPaths = (
				"${PODS_ROOT}/Target Support Files/Pods-ProjetoMentoria-ProjetoMentoriaUITests/Pods-ProjetoMentoria-ProjetoMentoriaUITests-frameworks-${CONFIGURATION}-output-files.xcfilelist",
			);
			runOnlyForDeploymentPostprocessing = 0;
			shellPath = /bin/sh;
			shellScript = "\"${PODS_ROOT}/Target Support Files/Pods-ProjetoMentoria-ProjetoMentoriaUITests/Pods-ProjetoMentoria-ProjetoMentoriaUITests-frameworks.sh\"\n";
			showEnvVarsInLog = 0;
		};
		881360A9B27B14C57ADA9ACD /* [CP] Check Pods Manifest.lock */ = {
			isa = PBXShellScriptBuildPhase;
			buildActionMask = 2147483647;
			files = (
			);
			inputFileListPaths = (
			);
			inputPaths = (
				"${PODS_PODFILE_DIR_PATH}/Podfile.lock",
				"${PODS_ROOT}/Manifest.lock",
			);
			name = "[CP] Check Pods Manifest.lock";
			outputFileListPaths = (
			);
			outputPaths = (
				"$(DERIVED_FILE_DIR)/Pods-ProjetoMentoria-checkManifestLockResult.txt",
			);
			runOnlyForDeploymentPostprocessing = 0;
			shellPath = /bin/sh;
			shellScript = "diff \"${PODS_PODFILE_DIR_PATH}/Podfile.lock\" \"${PODS_ROOT}/Manifest.lock\" > /dev/null\nif [ $? != 0 ] ; then\n    # print error to STDERR\n    echo \"error: The sandbox is not in sync with the Podfile.lock. Run 'pod install' or update your CocoaPods installation.\" >&2\n    exit 1\nfi\n# This output is used by Xcode 'outputs' to avoid re-running this script phase.\necho \"SUCCESS\" > \"${SCRIPT_OUTPUT_FILE_0}\"\n";
			showEnvVarsInLog = 0;
		};
		9F50E9601768E8B7D88DC281 /* [CP] Check Pods Manifest.lock */ = {
			isa = PBXShellScriptBuildPhase;
			buildActionMask = 2147483647;
			files = (
			);
			inputFileListPaths = (
			);
			inputPaths = (
				"${PODS_PODFILE_DIR_PATH}/Podfile.lock",
				"${PODS_ROOT}/Manifest.lock",
			);
			name = "[CP] Check Pods Manifest.lock";
			outputFileListPaths = (
			);
			outputPaths = (
				"$(DERIVED_FILE_DIR)/Pods-ProjetoMentoriaTests-checkManifestLockResult.txt",
			);
			runOnlyForDeploymentPostprocessing = 0;
			shellPath = /bin/sh;
			shellScript = "diff \"${PODS_PODFILE_DIR_PATH}/Podfile.lock\" \"${PODS_ROOT}/Manifest.lock\" > /dev/null\nif [ $? != 0 ] ; then\n    # print error to STDERR\n    echo \"error: The sandbox is not in sync with the Podfile.lock. Run 'pod install' or update your CocoaPods installation.\" >&2\n    exit 1\nfi\n# This output is used by Xcode 'outputs' to avoid re-running this script phase.\necho \"SUCCESS\" > \"${SCRIPT_OUTPUT_FILE_0}\"\n";
			showEnvVarsInLog = 0;
		};
/* End PBXShellScriptBuildPhase section */

/* Begin PBXSourcesBuildPhase section */
		441B3A912AA01340005C805D /* Sources */ = {
			isa = PBXSourcesBuildPhase;
			buildActionMask = 2147483647;
			files = (
				B04CC3582AEEEA4B00D81B07 /* RegisterScreen.swift in Sources */,
				B05C33BE2AF9C8030023B558 /* Constants.swift in Sources */,
				B04CC3642AEFAFCB00D81B07 /* TabBarController.swift in Sources */,
				441B3A9D2AA01340005C805D /* LoginViewController.swift in Sources */,
				B05C33B02AF9AEEF0023B558 /* RegisterCoordinator.swift in Sources */,
				B04CC35A2AEEEEB800D81B07 /* RegisterViewController.swift in Sources */,
				B05C33AE2AF9AB190023B558 /* LoginCoordinator.swift in Sources */,
				441B3A992AA01340005C805D /* AppDelegate.swift in Sources */,
				B05C33BB2AF9C6F30023B558 /* UserProvider.swift in Sources */,
				441B3AA32AA01340005C805D /* ProjetoMentoria.xcdatamodeld in Sources */,
				B05C33C32AF9CD800023B558 /* TabBarCoordinator.swift in Sources */,
				B04CC3692AEFBB6200D81B07 /* ProfileViewController.swift in Sources */,
				B04CC3562AEED2E500D81B07 /* LoginScreen.swift in Sources */,
				B05C33C52AFA2DD90023B558 /* UserViewModel.swift in Sources */,
				B05C33AC2AF9A99D0023B558 /* Coordinator.swift in Sources */,
				B04CC36B2AEFBB7300D81B07 /* ServiceViewController.swift in Sources */,
				B05C33C12AF9C8F70023B558 /* UserBusiness.swift in Sources */,
				B04CC36D2AEFBB7F00D81B07 /* ScheduleViewController.swift in Sources */,
				B05C33B82AF9C6D40023B558 /* UserModel.swift in Sources */,
				441B3A9B2AA01340005C805D /* SceneDelegate.swift in Sources */,
			);
			runOnlyForDeploymentPostprocessing = 0;
		};
		441B3AAA2AA01341005C805D /* Sources */ = {
			isa = PBXSourcesBuildPhase;
			buildActionMask = 2147483647;
			files = (
				441B3AB32AA01341005C805D /* ProjetoMentoriaTests.swift in Sources */,
			);
			runOnlyForDeploymentPostprocessing = 0;
		};
		441B3AB42AA01341005C805D /* Sources */ = {
			isa = PBXSourcesBuildPhase;
			buildActionMask = 2147483647;
			files = (
				441B3ABD2AA01341005C805D /* ProjetoMentoriaUITests.swift in Sources */,
				441B3ABF2AA01341005C805D /* ProjetoMentoriaUITestsLaunchTests.swift in Sources */,
			);
			runOnlyForDeploymentPostprocessing = 0;
		};
/* End PBXSourcesBuildPhase section */

/* Begin PBXTargetDependency section */
		441B3AB02AA01341005C805D /* PBXTargetDependency */ = {
			isa = PBXTargetDependency;
			target = 441B3A942AA01340005C805D /* ProjetoMentoria */;
			targetProxy = 441B3AAF2AA01341005C805D /* PBXContainerItemProxy */;
		};
		441B3ABA2AA01341005C805D /* PBXTargetDependency */ = {
			isa = PBXTargetDependency;
			target = 441B3A942AA01340005C805D /* ProjetoMentoria */;
			targetProxy = 441B3AB92AA01341005C805D /* PBXContainerItemProxy */;
		};
/* End PBXTargetDependency section */

/* Begin XCBuildConfiguration section */
		441B3AC02AA01341005C805D /* Debug */ = {
			isa = XCBuildConfiguration;
			buildSettings = {
				ALWAYS_SEARCH_USER_PATHS = NO;
				CLANG_ANALYZER_NONNULL = YES;
				CLANG_ANALYZER_NUMBER_OBJECT_CONVERSION = YES_AGGRESSIVE;
				CLANG_CXX_LANGUAGE_STANDARD = "gnu++20";
				CLANG_ENABLE_MODULES = YES;
				CLANG_ENABLE_OBJC_ARC = YES;
				CLANG_ENABLE_OBJC_WEAK = YES;
				CLANG_WARN_BLOCK_CAPTURE_AUTORELEASING = YES;
				CLANG_WARN_BOOL_CONVERSION = YES;
				CLANG_WARN_COMMA = YES;
				CLANG_WARN_CONSTANT_CONVERSION = YES;
				CLANG_WARN_DEPRECATED_OBJC_IMPLEMENTATIONS = YES;
				CLANG_WARN_DIRECT_OBJC_ISA_USAGE = YES_ERROR;
				CLANG_WARN_DOCUMENTATION_COMMENTS = YES;
				CLANG_WARN_EMPTY_BODY = YES;
				CLANG_WARN_ENUM_CONVERSION = YES;
				CLANG_WARN_INFINITE_RECURSION = YES;
				CLANG_WARN_INT_CONVERSION = YES;
				CLANG_WARN_NON_LITERAL_NULL_CONVERSION = YES;
				CLANG_WARN_OBJC_IMPLICIT_RETAIN_SELF = YES;
				CLANG_WARN_OBJC_LITERAL_CONVERSION = YES;
				CLANG_WARN_OBJC_ROOT_CLASS = YES_ERROR;
				CLANG_WARN_QUOTED_INCLUDE_IN_FRAMEWORK_HEADER = YES;
				CLANG_WARN_RANGE_LOOP_ANALYSIS = YES;
				CLANG_WARN_STRICT_PROTOTYPES = YES;
				CLANG_WARN_SUSPICIOUS_MOVE = YES;
				CLANG_WARN_UNGUARDED_AVAILABILITY = YES_AGGRESSIVE;
				CLANG_WARN_UNREACHABLE_CODE = YES;
				CLANG_WARN__DUPLICATE_METHOD_MATCH = YES;
				COPY_PHASE_STRIP = NO;
				DEBUG_INFORMATION_FORMAT = dwarf;
				ENABLE_STRICT_OBJC_MSGSEND = YES;
				ENABLE_TESTABILITY = YES;
				GCC_C_LANGUAGE_STANDARD = gnu11;
				GCC_DYNAMIC_NO_PIC = NO;
				GCC_NO_COMMON_BLOCKS = YES;
				GCC_OPTIMIZATION_LEVEL = 0;
				GCC_PREPROCESSOR_DEFINITIONS = (
					"DEBUG=1",
					"$(inherited)",
				);
				GCC_WARN_64_TO_32_BIT_CONVERSION = YES;
				GCC_WARN_ABOUT_RETURN_TYPE = YES_ERROR;
				GCC_WARN_UNDECLARED_SELECTOR = YES;
				GCC_WARN_UNINITIALIZED_AUTOS = YES_AGGRESSIVE;
				GCC_WARN_UNUSED_FUNCTION = YES;
				GCC_WARN_UNUSED_VARIABLE = YES;
				IPHONEOS_DEPLOYMENT_TARGET = 16.4;
				MTL_ENABLE_DEBUG_INFO = INCLUDE_SOURCE;
				MTL_FAST_MATH = YES;
				ONLY_ACTIVE_ARCH = YES;
				SDKROOT = iphoneos;
				SWIFT_ACTIVE_COMPILATION_CONDITIONS = DEBUG;
				SWIFT_OPTIMIZATION_LEVEL = "-Onone";
			};
			name = Debug;
		};
		441B3AC12AA01341005C805D /* Release */ = {
			isa = XCBuildConfiguration;
			buildSettings = {
				ALWAYS_SEARCH_USER_PATHS = NO;
				CLANG_ANALYZER_NONNULL = YES;
				CLANG_ANALYZER_NUMBER_OBJECT_CONVERSION = YES_AGGRESSIVE;
				CLANG_CXX_LANGUAGE_STANDARD = "gnu++20";
				CLANG_ENABLE_MODULES = YES;
				CLANG_ENABLE_OBJC_ARC = YES;
				CLANG_ENABLE_OBJC_WEAK = YES;
				CLANG_WARN_BLOCK_CAPTURE_AUTORELEASING = YES;
				CLANG_WARN_BOOL_CONVERSION = YES;
				CLANG_WARN_COMMA = YES;
				CLANG_WARN_CONSTANT_CONVERSION = YES;
				CLANG_WARN_DEPRECATED_OBJC_IMPLEMENTATIONS = YES;
				CLANG_WARN_DIRECT_OBJC_ISA_USAGE = YES_ERROR;
				CLANG_WARN_DOCUMENTATION_COMMENTS = YES;
				CLANG_WARN_EMPTY_BODY = YES;
				CLANG_WARN_ENUM_CONVERSION = YES;
				CLANG_WARN_INFINITE_RECURSION = YES;
				CLANG_WARN_INT_CONVERSION = YES;
				CLANG_WARN_NON_LITERAL_NULL_CONVERSION = YES;
				CLANG_WARN_OBJC_IMPLICIT_RETAIN_SELF = YES;
				CLANG_WARN_OBJC_LITERAL_CONVERSION = YES;
				CLANG_WARN_OBJC_ROOT_CLASS = YES_ERROR;
				CLANG_WARN_QUOTED_INCLUDE_IN_FRAMEWORK_HEADER = YES;
				CLANG_WARN_RANGE_LOOP_ANALYSIS = YES;
				CLANG_WARN_STRICT_PROTOTYPES = YES;
				CLANG_WARN_SUSPICIOUS_MOVE = YES;
				CLANG_WARN_UNGUARDED_AVAILABILITY = YES_AGGRESSIVE;
				CLANG_WARN_UNREACHABLE_CODE = YES;
				CLANG_WARN__DUPLICATE_METHOD_MATCH = YES;
				COPY_PHASE_STRIP = NO;
				DEBUG_INFORMATION_FORMAT = "dwarf-with-dsym";
				ENABLE_NS_ASSERTIONS = NO;
				ENABLE_STRICT_OBJC_MSGSEND = YES;
				GCC_C_LANGUAGE_STANDARD = gnu11;
				GCC_NO_COMMON_BLOCKS = YES;
				GCC_WARN_64_TO_32_BIT_CONVERSION = YES;
				GCC_WARN_ABOUT_RETURN_TYPE = YES_ERROR;
				GCC_WARN_UNDECLARED_SELECTOR = YES;
				GCC_WARN_UNINITIALIZED_AUTOS = YES_AGGRESSIVE;
				GCC_WARN_UNUSED_FUNCTION = YES;
				GCC_WARN_UNUSED_VARIABLE = YES;
				IPHONEOS_DEPLOYMENT_TARGET = 16.4;
				MTL_ENABLE_DEBUG_INFO = NO;
				MTL_FAST_MATH = YES;
				SDKROOT = iphoneos;
				SWIFT_COMPILATION_MODE = wholemodule;
				SWIFT_OPTIMIZATION_LEVEL = "-O";
				VALIDATE_PRODUCT = YES;
			};
			name = Release;
		};
		441B3AC32AA01341005C805D /* Debug */ = {
			isa = XCBuildConfiguration;
			baseConfigurationReference = 087D0C900DB9A328A4F5B117 /* Pods-ProjetoMentoria.debug.xcconfig */;
			buildSettings = {
				ASSETCATALOG_COMPILER_APPICON_NAME = AppIcon;
				ASSETCATALOG_COMPILER_GLOBAL_ACCENT_COLOR_NAME = AccentColor;
				CODE_SIGN_STYLE = Automatic;
				CURRENT_PROJECT_VERSION = 1;
				DEVELOPMENT_TEAM = N9WSHT9GA5;
				GENERATE_INFOPLIST_FILE = YES;
				INFOPLIST_FILE = ProjetoMentoria/Info.plist;
				INFOPLIST_KEY_UIApplicationSupportsIndirectInputEvents = YES;
				INFOPLIST_KEY_UILaunchStoryboardName = LaunchScreen;
				INFOPLIST_KEY_UIMainStoryboardFile = "";
				INFOPLIST_KEY_UISupportedInterfaceOrientations_iPad = "UIInterfaceOrientationPortrait UIInterfaceOrientationPortraitUpsideDown UIInterfaceOrientationLandscapeLeft UIInterfaceOrientationLandscapeRight";
				INFOPLIST_KEY_UISupportedInterfaceOrientations_iPhone = "UIInterfaceOrientationPortrait UIInterfaceOrientationLandscapeLeft UIInterfaceOrientationLandscapeRight";
				IPHONEOS_DEPLOYMENT_TARGET = 14.0;
				LD_RUNPATH_SEARCH_PATHS = (
					"$(inherited)",
					"@executable_path/Frameworks",
				);
				MARKETING_VERSION = 1.0;
				PRODUCT_BUNDLE_IDENTIFIER = br.com.thiagovalentin.ProjetoMentoria;
				PRODUCT_NAME = "$(TARGET_NAME)";
				SWIFT_EMIT_LOC_STRINGS = YES;
				SWIFT_VERSION = 5.0;
				TARGETED_DEVICE_FAMILY = "1,2";
			};
			name = Debug;
		};
		441B3AC42AA01341005C805D /* Release */ = {
			isa = XCBuildConfiguration;
			baseConfigurationReference = 20A9D98188C35D1A8E13B321 /* Pods-ProjetoMentoria.release.xcconfig */;
			buildSettings = {
				ASSETCATALOG_COMPILER_APPICON_NAME = AppIcon;
				ASSETCATALOG_COMPILER_GLOBAL_ACCENT_COLOR_NAME = AccentColor;
				CODE_SIGN_STYLE = Automatic;
				CURRENT_PROJECT_VERSION = 1;
				DEVELOPMENT_TEAM = N9WSHT9GA5;
				GENERATE_INFOPLIST_FILE = YES;
				INFOPLIST_FILE = ProjetoMentoria/Info.plist;
				INFOPLIST_KEY_UIApplicationSupportsIndirectInputEvents = YES;
				INFOPLIST_KEY_UILaunchStoryboardName = LaunchScreen;
				INFOPLIST_KEY_UIMainStoryboardFile = "";
				INFOPLIST_KEY_UISupportedInterfaceOrientations_iPad = "UIInterfaceOrientationPortrait UIInterfaceOrientationPortraitUpsideDown UIInterfaceOrientationLandscapeLeft UIInterfaceOrientationLandscapeRight";
				INFOPLIST_KEY_UISupportedInterfaceOrientations_iPhone = "UIInterfaceOrientationPortrait UIInterfaceOrientationLandscapeLeft UIInterfaceOrientationLandscapeRight";
				IPHONEOS_DEPLOYMENT_TARGET = 14.0;
				LD_RUNPATH_SEARCH_PATHS = (
					"$(inherited)",
					"@executable_path/Frameworks",
				);
				MARKETING_VERSION = 1.0;
				PRODUCT_BUNDLE_IDENTIFIER = br.com.thiagovalentin.ProjetoMentoria;
				PRODUCT_NAME = "$(TARGET_NAME)";
				SWIFT_EMIT_LOC_STRINGS = YES;
				SWIFT_VERSION = 5.0;
				TARGETED_DEVICE_FAMILY = "1,2";
			};
			name = Release;
		};
		441B3AC62AA01341005C805D /* Debug */ = {
			isa = XCBuildConfiguration;
			baseConfigurationReference = A96309646A537B4AAA8A39A2 /* Pods-ProjetoMentoriaTests.debug.xcconfig */;
			buildSettings = {
				ALWAYS_EMBED_SWIFT_STANDARD_LIBRARIES = YES;
				BUNDLE_LOADER = "$(TEST_HOST)";
				CODE_SIGN_STYLE = Automatic;
				CURRENT_PROJECT_VERSION = 1;
				GENERATE_INFOPLIST_FILE = YES;
				IPHONEOS_DEPLOYMENT_TARGET = 16.4;
				MARKETING_VERSION = 1.0;
				PRODUCT_BUNDLE_IDENTIFIER = br.com.thiagovalentin.ProjetoMentoriaTests;
				PRODUCT_NAME = "$(TARGET_NAME)";
				SWIFT_EMIT_LOC_STRINGS = NO;
				SWIFT_VERSION = 5.0;
				TARGETED_DEVICE_FAMILY = "1,2";
				TEST_HOST = "$(BUILT_PRODUCTS_DIR)/ProjetoMentoria.app/$(BUNDLE_EXECUTABLE_FOLDER_PATH)/ProjetoMentoria";
			};
			name = Debug;
		};
		441B3AC72AA01341005C805D /* Release */ = {
			isa = XCBuildConfiguration;
			baseConfigurationReference = 27B30F4D8492B7A2A68FC439 /* Pods-ProjetoMentoriaTests.release.xcconfig */;
			buildSettings = {
				ALWAYS_EMBED_SWIFT_STANDARD_LIBRARIES = YES;
				BUNDLE_LOADER = "$(TEST_HOST)";
				CODE_SIGN_STYLE = Automatic;
				CURRENT_PROJECT_VERSION = 1;
				GENERATE_INFOPLIST_FILE = YES;
				IPHONEOS_DEPLOYMENT_TARGET = 16.4;
				MARKETING_VERSION = 1.0;
				PRODUCT_BUNDLE_IDENTIFIER = br.com.thiagovalentin.ProjetoMentoriaTests;
				PRODUCT_NAME = "$(TARGET_NAME)";
				SWIFT_EMIT_LOC_STRINGS = NO;
				SWIFT_VERSION = 5.0;
				TARGETED_DEVICE_FAMILY = "1,2";
				TEST_HOST = "$(BUILT_PRODUCTS_DIR)/ProjetoMentoria.app/$(BUNDLE_EXECUTABLE_FOLDER_PATH)/ProjetoMentoria";
			};
			name = Release;
		};
		441B3AC92AA01341005C805D /* Debug */ = {
			isa = XCBuildConfiguration;
			baseConfigurationReference = BE296ED07C87425D7C98646F /* Pods-ProjetoMentoria-ProjetoMentoriaUITests.debug.xcconfig */;
			buildSettings = {
				ALWAYS_EMBED_SWIFT_STANDARD_LIBRARIES = YES;
				CODE_SIGN_STYLE = Automatic;
				CURRENT_PROJECT_VERSION = 1;
				GENERATE_INFOPLIST_FILE = YES;
				MARKETING_VERSION = 1.0;
				PRODUCT_BUNDLE_IDENTIFIER = br.com.thiagovalentin.ProjetoMentoriaUITests;
				PRODUCT_NAME = "$(TARGET_NAME)";
				SWIFT_EMIT_LOC_STRINGS = NO;
				SWIFT_VERSION = 5.0;
				TARGETED_DEVICE_FAMILY = "1,2";
				TEST_TARGET_NAME = ProjetoMentoria;
			};
			name = Debug;
		};
		441B3ACA2AA01341005C805D /* Release */ = {
			isa = XCBuildConfiguration;
			baseConfigurationReference = 86AC98D253C5DBF087C60AC1 /* Pods-ProjetoMentoria-ProjetoMentoriaUITests.release.xcconfig */;
			buildSettings = {
				ALWAYS_EMBED_SWIFT_STANDARD_LIBRARIES = YES;
				CODE_SIGN_STYLE = Automatic;
				CURRENT_PROJECT_VERSION = 1;
				GENERATE_INFOPLIST_FILE = YES;
				MARKETING_VERSION = 1.0;
				PRODUCT_BUNDLE_IDENTIFIER = br.com.thiagovalentin.ProjetoMentoriaUITests;
				PRODUCT_NAME = "$(TARGET_NAME)";
				SWIFT_EMIT_LOC_STRINGS = NO;
				SWIFT_VERSION = 5.0;
				TARGETED_DEVICE_FAMILY = "1,2";
				TEST_TARGET_NAME = ProjetoMentoria;
			};
			name = Release;
		};
/* End XCBuildConfiguration section */

/* Begin XCConfigurationList section */
		441B3A902AA01340005C805D /* Build configuration list for PBXProject "ProjetoMentoria" */ = {
			isa = XCConfigurationList;
			buildConfigurations = (
				441B3AC02AA01341005C805D /* Debug */,
				441B3AC12AA01341005C805D /* Release */,
			);
			defaultConfigurationIsVisible = 0;
			defaultConfigurationName = Release;
		};
		441B3AC22AA01341005C805D /* Build configuration list for PBXNativeTarget "ProjetoMentoria" */ = {
			isa = XCConfigurationList;
			buildConfigurations = (
				441B3AC32AA01341005C805D /* Debug */,
				441B3AC42AA01341005C805D /* Release */,
			);
			defaultConfigurationIsVisible = 0;
			defaultConfigurationName = Release;
		};
		441B3AC52AA01341005C805D /* Build configuration list for PBXNativeTarget "ProjetoMentoriaTests" */ = {
			isa = XCConfigurationList;
			buildConfigurations = (
				441B3AC62AA01341005C805D /* Debug */,
				441B3AC72AA01341005C805D /* Release */,
			);
			defaultConfigurationIsVisible = 0;
			defaultConfigurationName = Release;
		};
		441B3AC82AA01341005C805D /* Build configuration list for PBXNativeTarget "ProjetoMentoriaUITests" */ = {
			isa = XCConfigurationList;
			buildConfigurations = (
				441B3AC92AA01341005C805D /* Debug */,
				441B3ACA2AA01341005C805D /* Release */,
			);
			defaultConfigurationIsVisible = 0;
			defaultConfigurationName = Release;
		};
/* End XCConfigurationList section */

/* Begin XCVersionGroup section */
		441B3AA12AA01340005C805D /* ProjetoMentoria.xcdatamodeld */ = {
			isa = XCVersionGroup;
			children = (
				441B3AA22AA01340005C805D /* ProjetoMentoria.xcdatamodel */,
			);
			currentVersion = 441B3AA22AA01340005C805D /* ProjetoMentoria.xcdatamodel */;
			path = ProjetoMentoria.xcdatamodeld;
			sourceTree = "<group>";
			versionGroupType = wrapper.xcdatamodel;
		};
/* End XCVersionGroup section */
	};
	rootObject = 441B3A8D2AA01340005C805D /* Project object */;
}
